
Microsoft Visual Studio Solution File, Format Version 12.00
# Visual Studio Version 17
VisualStudioVersion = 17.7.34024.191
MinimumVisualStudioVersion = 10.0.40219.1
Project("{2150E333-8FDC-42A3-9474-1A3956D46DE8}") = "Chapter1", "Chapter1", "{3D446D36-F1A0-4078-827D-507C3AB42DA3}"
EndProject
Project("{FAE04EC0-301F-11D3-BF4B-00C04F79EFBC}") = "L1-1", "Chapter1\L1-1\L1-1.csproj", "{A4933200-3F73-45C0-917E-130868EE8AD9}"
EndProject
Project("{FAE04EC0-301F-11D3-BF4B-00C04F79EFBC}") = "L1-2", "Chapter1\L1-2\L1-2.csproj", "{195C6A39-556B-42F9-96E3-DEC8983FA906}"
EndProject
Project("{9A19103F-16F7-4668-BE54-9A1E7A4F7556}") = "L1-3", "Chapter1\L1-3\L1-3.csproj", "{820C9DC1-7F4F-4064-9450-5293FAF75FDF}"
EndProject
Project("{9A19103F-16F7-4668-BE54-9A1E7A4F7556}") = "L1-4", "Chapter1\L1-4\L1-4.csproj", "{BD86A602-38E4-42FE-A6CC-ECC5D3D332E5}"
EndProject
Project("{FAE04EC0-301F-11D3-BF4B-00C04F79EFBC}") = "L1-5", "Chapter1\L1-5\L1-5.csproj", "{BE33EA4B-70BA-4E7A-8EB6-C8068D9B8528}"
EndProject
Global
	GlobalSection(SolutionConfigurationPlatforms) = preSolution
		Debug|Any CPU = Debug|Any CPU
		Release|Any CPU = Release|Any CPU
	EndGlobalSection
	GlobalSection(ProjectConfigurationPlatforms) = postSolution
		{A4933200-3F73-45C0-917E-130868EE8AD9}.Debug|Any CPU.ActiveCfg = Debug|Any CPU
		{A4933200-3F73-45C0-917E-130868EE8AD9}.Debug|Any CPU.Build.0 = Debug|Any CPU
		{A4933200-3F73-45C0-917E-130868EE8AD9}.Release|Any CPU.ActiveCfg = Release|Any CPU
		{A4933200-3F73-45C0-917E-130868EE8AD9}.Release|Any CPU.Build.0 = Release|Any CPU
		{195C6A39-556B-42F9-96E3-DEC8983FA906}.Debug|Any CPU.ActiveCfg = Debug|Any CPU
		{195C6A39-556B-42F9-96E3-DEC8983FA906}.Debug|Any CPU.Build.0 = Debug|Any CPU
		{195C6A39-556B-42F9-96E3-DEC8983FA906}.Release|Any CPU.ActiveCfg = Release|Any CPU
		{195C6A39-556B-42F9-96E3-DEC8983FA906}.Release|Any CPU.Build.0 = Release|Any CPU
		{820C9DC1-7F4F-4064-9450-5293FAF75FDF}.Debug|Any CPU.ActiveCfg = Debug|Any CPU
		{820C9DC1-7F4F-4064-9450-5293FAF75FDF}.Debug|Any CPU.Build.0 = Debug|Any CPU
		{820C9DC1-7F4F-4064-9450-5293FAF75FDF}.Release|Any CPU.ActiveCfg = Release|Any CPU
		{820C9DC1-7F4F-4064-9450-5293FAF75FDF}.Release|Any CPU.Build.0 = Release|Any CPU
		{BD86A602-38E4-42FE-A6CC-ECC5D3D332E5}.Debug|Any CPU.ActiveCfg = Debug|Any CPU
		{BD86A602-38E4-42FE-A6CC-ECC5D3D332E5}.Debug|Any CPU.Build.0 = Debug|Any CPU
		{BD86A602-38E4-42FE-A6CC-ECC5D3D332E5}.Release|Any CPU.ActiveCfg = Release|Any CPU
		{BD86A602-38E4-42FE-A6CC-ECC5D3D332E5}.Release|Any CPU.Build.0 = Release|Any CPU
		{BE33EA4B-70BA-4E7A-8EB6-C8068D9B8528}.Debug|Any CPU.ActiveCfg = Debug|Any CPU
		{BE33EA4B-70BA-4E7A-8EB6-C8068D9B8528}.Debug|Any CPU.Build.0 = Debug|Any CPU
		{BE33EA4B-70BA-4E7A-8EB6-C8068D9B8528}.Release|Any CPU.ActiveCfg = Release|Any CPU
		{BE33EA4B-70BA-4E7A-8EB6-C8068D9B8528}.Release|Any CPU.Build.0 = Release|Any CPU
	EndGlobalSection
	GlobalSection(SolutionProperties) = preSolution
		HideSolutionNode = FALSE
	EndGlobalSection
	GlobalSection(NestedProjects) = preSolution
		{A4933200-3F73-45C0-917E-130868EE8AD9} = {3D446D36-F1A0-4078-827D-507C3AB42DA3}
		{195C6A39-556B-42F9-96E3-DEC8983FA906} = {3D446D36-F1A0-4078-827D-507C3AB42DA3}
		{820C9DC1-7F4F-4064-9450-5293FAF75FDF} = {3D446D36-F1A0-4078-827D-507C3AB42DA3}
		{BD86A602-38E4-42FE-A6CC-ECC5D3D332E5} = {3D446D36-F1A0-4078-827D-507C3AB42DA3}
		{BE33EA4B-70BA-4E7A-8EB6-C8068D9B8528} = {3D446D36-F1A0-4078-827D-507C3AB42DA3}
	EndGlobalSection
	GlobalSection(ExtensibilityGlobals) = postSolution
		SolutionGuid = {3FBD288E-CB4B-4C5E-B4D1-4FD63EF24ED1}
	EndGlobalSection
EndGlobal
