
Microsoft Visual Studio Solution File, Format Version 12.00
# Visual Studio Version 17
VisualStudioVersion = 17.7.34024.191
MinimumVisualStudioVersion = 10.0.40219.1
Project("{2150E333-8FDC-42A3-9474-1A3956D46DE8}") = "Chapter1", "Chapter1", "{3D446D36-F1A0-4078-827D-507C3AB42DA3}"
EndProject
Project("{9A19103F-16F7-4668-BE54-9A1E7A4F7556}") = "L1-1", "Chapter1\L1-1\L1-1.csproj", "{A4933200-3F73-45C0-917E-130868EE8AD9}"
EndProject
Project("{9A19103F-16F7-4668-BE54-9A1E7A4F7556}") = "L1-2", "Chapter1\L1-2\L1-2.csproj", "{195C6A39-556B-42F9-96E3-DEC8983FA906}"
EndProject
Project("{9A19103F-16F7-4668-BE54-9A1E7A4F7556}") = "L1-3", "Chapter1\L1-3\L1-3.csproj", "{820C9DC1-7F4F-4064-9450-5293FAF75FDF}"
EndProject
Project("{9A19103F-16F7-4668-BE54-9A1E7A4F7556}") = "L1-4", "Chapter1\L1-4\L1-4.csproj", "{BD86A602-38E4-42FE-A6CC-ECC5D3D332E5}"
EndProject
Project("{9A19103F-16F7-4668-BE54-9A1E7A4F7556}") = "L1-5", "Chapter1\L1-5\L1-5.csproj", "{BE33EA4B-70BA-4E7A-8EB6-C8068D9B8528}"
EndProject
Project("{9A19103F-16F7-4668-BE54-9A1E7A4F7556}") = "L1-6", "Chapter1\L1-6\L1-6.csproj", "{BD1EA5CB-9C37-44F1-BAEE-143BC1050274}"
EndProject
Project("{9A19103F-16F7-4668-BE54-9A1E7A4F7556}") = "L1-7", "Chapter1\L1-7\L1-7.csproj", "{183CD87B-36BA-4FC4-9D7E-B48F30F97061}"
EndProject
Project("{FAE04EC0-301F-11D3-BF4B-00C04F79EFBC}") = "L1-8", "Chapter1\L1-8\L1-8.csproj", "{47A35583-9421-4D03-80C9-EBD57B027CF0}"
EndProject
Project("{FAE04EC0-301F-11D3-BF4B-00C04F79EFBC}") = "L1-9", "Chapter1\L1-9\L1-9.csproj", "{3363EE70-4361-4D25-9B39-98B3F43055F7}"
EndProject
Project("{FAE04EC0-301F-11D3-BF4B-00C04F79EFBC}") = "L1-10", "Chapter1\L1-10\L1-10.csproj", "{69059782-F06F-42A2-BAF9-C011899257A5}"
EndProject
Project("{FAE04EC0-301F-11D3-BF4B-00C04F79EFBC}") = "L1-11", "Chapter1\L1-11\L1-11.csproj", "{A1B88A9D-472E-47D3-8654-E504AE67016C}"
EndProject
Project("{FAE04EC0-301F-11D3-BF4B-00C04F79EFBC}") = "L1-12", "Chapter1\L1-12\L1-12.csproj", "{6AA1AFC5-2ED9-4CE0-8720-B1340DD3770D}"
EndProject
Project("{FAE04EC0-301F-11D3-BF4B-00C04F79EFBC}") = "L1-13", "Chapter1\L1-13\L1-13.csproj", "{BC8E0A92-2BFE-4751-8A9C-DEA23E191BF3}"
EndProject
Global
	GlobalSection(SolutionConfigurationPlatforms) = preSolution
		Debug|Any CPU = Debug|Any CPU
		Release|Any CPU = Release|Any CPU
	EndGlobalSection
	GlobalSection(ProjectConfigurationPlatforms) = postSolution
		{A4933200-3F73-45C0-917E-130868EE8AD9}.Debug|Any CPU.ActiveCfg = Debug|Any CPU
		{A4933200-3F73-45C0-917E-130868EE8AD9}.Debug|Any CPU.Build.0 = Debug|Any CPU
		{A4933200-3F73-45C0-917E-130868EE8AD9}.Release|Any CPU.ActiveCfg = Release|Any CPU
		{A4933200-3F73-45C0-917E-130868EE8AD9}.Release|Any CPU.Build.0 = Release|Any CPU
		{195C6A39-556B-42F9-96E3-DEC8983FA906}.Debug|Any CPU.ActiveCfg = Debug|Any CPU
		{195C6A39-556B-42F9-96E3-DEC8983FA906}.Debug|Any CPU.Build.0 = Debug|Any CPU
		{195C6A39-556B-42F9-96E3-DEC8983FA906}.Release|Any CPU.ActiveCfg = Release|Any CPU
		{195C6A39-556B-42F9-96E3-DEC8983FA906}.Release|Any CPU.Build.0 = Release|Any CPU
		{820C9DC1-7F4F-4064-9450-5293FAF75FDF}.Debug|Any CPU.ActiveCfg = Debug|Any CPU
		{820C9DC1-7F4F-4064-9450-5293FAF75FDF}.Debug|Any CPU.Build.0 = Debug|Any CPU
		{820C9DC1-7F4F-4064-9450-5293FAF75FDF}.Release|Any CPU.ActiveCfg = Release|Any CPU
		{820C9DC1-7F4F-4064-9450-5293FAF75FDF}.Release|Any CPU.Build.0 = Release|Any CPU
		{BD86A602-38E4-42FE-A6CC-ECC5D3D332E5}.Debug|Any CPU.ActiveCfg = Debug|Any CPU
		{BD86A602-38E4-42FE-A6CC-ECC5D3D332E5}.Debug|Any CPU.Build.0 = Debug|Any CPU
		{BD86A602-38E4-42FE-A6CC-ECC5D3D332E5}.Release|Any CPU.ActiveCfg = Release|Any CPU
		{BD86A602-38E4-42FE-A6CC-ECC5D3D332E5}.Release|Any CPU.Build.0 = Release|Any CPU
		{BE33EA4B-70BA-4E7A-8EB6-C8068D9B8528}.Debug|Any CPU.ActiveCfg = Debug|Any CPU
		{BE33EA4B-70BA-4E7A-8EB6-C8068D9B8528}.Debug|Any CPU.Build.0 = Debug|Any CPU
		{BE33EA4B-70BA-4E7A-8EB6-C8068D9B8528}.Release|Any CPU.ActiveCfg = Release|Any CPU
		{BE33EA4B-70BA-4E7A-8EB6-C8068D9B8528}.Release|Any CPU.Build.0 = Release|Any CPU
		{BD1EA5CB-9C37-44F1-BAEE-143BC1050274}.Debug|Any CPU.ActiveCfg = Debug|Any CPU
		{BD1EA5CB-9C37-44F1-BAEE-143BC1050274}.Debug|Any CPU.Build.0 = Debug|Any CPU
		{BD1EA5CB-9C37-44F1-BAEE-143BC1050274}.Release|Any CPU.ActiveCfg = Release|Any CPU
		{BD1EA5CB-9C37-44F1-BAEE-143BC1050274}.Release|Any CPU.Build.0 = Release|Any CPU
		{183CD87B-36BA-4FC4-9D7E-B48F30F97061}.Debug|Any CPU.ActiveCfg = Debug|Any CPU
		{183CD87B-36BA-4FC4-9D7E-B48F30F97061}.Debug|Any CPU.Build.0 = Debug|Any CPU
		{183CD87B-36BA-4FC4-9D7E-B48F30F97061}.Release|Any CPU.ActiveCfg = Release|Any CPU
		{183CD87B-36BA-4FC4-9D7E-B48F30F97061}.Release|Any CPU.Build.0 = Release|Any CPU
		{47A35583-9421-4D03-80C9-EBD57B027CF0}.Debug|Any CPU.ActiveCfg = Debug|Any CPU
		{47A35583-9421-4D03-80C9-EBD57B027CF0}.Debug|Any CPU.Build.0 = Debug|Any CPU
		{47A35583-9421-4D03-80C9-EBD57B027CF0}.Release|Any CPU.ActiveCfg = Release|Any CPU
		{47A35583-9421-4D03-80C9-EBD57B027CF0}.Release|Any CPU.Build.0 = Release|Any CPU
		{3363EE70-4361-4D25-9B39-98B3F43055F7}.Debug|Any CPU.ActiveCfg = Debug|Any CPU
		{3363EE70-4361-4D25-9B39-98B3F43055F7}.Debug|Any CPU.Build.0 = Debug|Any CPU
		{3363EE70-4361-4D25-9B39-98B3F43055F7}.Release|Any CPU.ActiveCfg = Release|Any CPU
		{3363EE70-4361-4D25-9B39-98B3F43055F7}.Release|Any CPU.Build.0 = Release|Any CPU
		{69059782-F06F-42A2-BAF9-C011899257A5}.Debug|Any CPU.ActiveCfg = Debug|Any CPU
		{69059782-F06F-42A2-BAF9-C011899257A5}.Debug|Any CPU.Build.0 = Debug|Any CPU
		{69059782-F06F-42A2-BAF9-C011899257A5}.Release|Any CPU.ActiveCfg = Release|Any CPU
		{69059782-F06F-42A2-BAF9-C011899257A5}.Release|Any CPU.Build.0 = Release|Any CPU
		{A1B88A9D-472E-47D3-8654-E504AE67016C}.Debug|Any CPU.ActiveCfg = Debug|Any CPU
		{A1B88A9D-472E-47D3-8654-E504AE67016C}.Debug|Any CPU.Build.0 = Debug|Any CPU
		{A1B88A9D-472E-47D3-8654-E504AE67016C}.Release|Any CPU.ActiveCfg = Release|Any CPU
		{A1B88A9D-472E-47D3-8654-E504AE67016C}.Release|Any CPU.Build.0 = Release|Any CPU
		{6AA1AFC5-2ED9-4CE0-8720-B1340DD3770D}.Debug|Any CPU.ActiveCfg = Debug|Any CPU
		{6AA1AFC5-2ED9-4CE0-8720-B1340DD3770D}.Debug|Any CPU.Build.0 = Debug|Any CPU
		{6AA1AFC5-2ED9-4CE0-8720-B1340DD3770D}.Release|Any CPU.ActiveCfg = Release|Any CPU
		{6AA1AFC5-2ED9-4CE0-8720-B1340DD3770D}.Release|Any CPU.Build.0 = Release|Any CPU
		{BC8E0A92-2BFE-4751-8A9C-DEA23E191BF3}.Debug|Any CPU.ActiveCfg = Debug|Any CPU
		{BC8E0A92-2BFE-4751-8A9C-DEA23E191BF3}.Debug|Any CPU.Build.0 = Debug|Any CPU
		{BC8E0A92-2BFE-4751-8A9C-DEA23E191BF3}.Release|Any CPU.ActiveCfg = Release|Any CPU
		{BC8E0A92-2BFE-4751-8A9C-DEA23E191BF3}.Release|Any CPU.Build.0 = Release|Any CPU
	EndGlobalSection
	GlobalSection(SolutionProperties) = preSolution
		HideSolutionNode = FALSE
	EndGlobalSection
	GlobalSection(NestedProjects) = preSolution
		{A4933200-3F73-45C0-917E-130868EE8AD9} = {3D446D36-F1A0-4078-827D-507C3AB42DA3}
		{195C6A39-556B-42F9-96E3-DEC8983FA906} = {3D446D36-F1A0-4078-827D-507C3AB42DA3}
		{820C9DC1-7F4F-4064-9450-5293FAF75FDF} = {3D446D36-F1A0-4078-827D-507C3AB42DA3}
		{BD86A602-38E4-42FE-A6CC-ECC5D3D332E5} = {3D446D36-F1A0-4078-827D-507C3AB42DA3}
		{BE33EA4B-70BA-4E7A-8EB6-C8068D9B8528} = {3D446D36-F1A0-4078-827D-507C3AB42DA3}
		{BD1EA5CB-9C37-44F1-BAEE-143BC1050274} = {3D446D36-F1A0-4078-827D-507C3AB42DA3}
		{183CD87B-36BA-4FC4-9D7E-B48F30F97061} = {3D446D36-F1A0-4078-827D-507C3AB42DA3}
		{47A35583-9421-4D03-80C9-EBD57B027CF0} = {3D446D36-F1A0-4078-827D-507C3AB42DA3}
		{3363EE70-4361-4D25-9B39-98B3F43055F7} = {3D446D36-F1A0-4078-827D-507C3AB42DA3}
		{69059782-F06F-42A2-BAF9-C011899257A5} = {3D446D36-F1A0-4078-827D-507C3AB42DA3}
		{A1B88A9D-472E-47D3-8654-E504AE67016C} = {3D446D36-F1A0-4078-827D-507C3AB42DA3}
		{6AA1AFC5-2ED9-4CE0-8720-B1340DD3770D} = {3D446D36-F1A0-4078-827D-507C3AB42DA3}
		{BC8E0A92-2BFE-4751-8A9C-DEA23E191BF3} = {3D446D36-F1A0-4078-827D-507C3AB42DA3}
	EndGlobalSection
	GlobalSection(ExtensibilityGlobals) = postSolution
		SolutionGuid = {3FBD288E-CB4B-4C5E-B4D1-4FD63EF24ED1}
	EndGlobalSection
EndGlobal
